
Microsoft Visual Studio Solution File, Format Version 12.00
# Visual Studio Version 17
VisualStudioVersion = 17.9.34723.18
MinimumVisualStudioVersion = 10.0.40219.1
Project("{FAE04EC0-301F-11D3-BF4B-00C04F79EFBC}") = "GetAllADUsers", "GetAllADUsers\GetAllADUsers.csproj", "{21606993-BC51-495C-992D-DA8F0DDF2135}"
EndProject
Global
	GlobalSection(SolutionConfigurationPlatforms) = preSolution
		Debug|Any CPU = Debug|Any CPU
		Release|Any CPU = Release|Any CPU
	EndGlobalSection
	GlobalSection(ProjectConfigurationPlatforms) = postSolution
		{21606993-BC51-495C-992D-DA8F0DDF2135}.Debug|Any CPU.ActiveCfg = Debug|Any CPU
		{21606993-BC51-495C-992D-DA8F0DDF2135}.Debug|Any CPU.Build.0 = Debug|Any CPU
		{21606993-BC51-495C-992D-DA8F0DDF2135}.Release|Any CPU.ActiveCfg = Release|Any CPU
		{21606993-BC51-495C-992D-DA8F0DDF2135}.Release|Any CPU.Build.0 = Release|Any CPU
	EndGlobalSection
	GlobalSection(SolutionProperties) = preSolution
		HideSolutionNode = FALSE
	EndGlobalSection
	GlobalSection(ExtensibilityGlobals) = postSolution
		SolutionGuid = {6A462CEE-C33E-4DC3-9EBB-17DD37F683F7}
	EndGlobalSection
EndGlobal
